
Microsoft Visual Studio Solution File, Format Version 12.00
Project("{FAE04EC0-301F-11D3-BF4B-00C04F79EFBC}") = "Dynamic.Employees.Domain", "Dynamic.Employees.Domain\Dynamic.Employees.Domain.csproj", "{5DA5A5CE-FC0A-4BDB-AAE4-7AB039B7F637}"
EndProject
Project("{FAE04EC0-301F-11D3-BF4B-00C04F79EFBC}") = "EmployeeApi", "EmployeeApi\EmployeeApi.csproj", "{38DD2A35-6BBF-42EF-A416-968AA70098A6}"
EndProject
Project("{FAE04EC0-301F-11D3-BF4B-00C04F79EFBC}") = "Dynamic.Employees.Data", "Dynamic.Employees.Data\Dynamic.Employees.Data.csproj", "{8D505F01-DA34-45A5-AA3C-933396D76BC7}"
EndProject
Project("{FAE04EC0-301F-11D3-BF4B-00C04F79EFBC}") = "Dynamic.Employees.Application", "Dynamic.Employees.Application\Dynamic.Employees.Application.csproj", "{DB642AB9-EEB8-4048-97BD-1FEDBDB193E3}"
EndProject
Project("{FAE04EC0-301F-11D3-BF4B-00C04F79EFBC}") = "Dynamic.Employees.Application.UnitTests", "Dynamic.Employees.Application.UnitTests\Dynamic.Employees.Application.UnitTests.csproj", "{32732C58-9F7D-40F4-8549-8384A2F2FC43}"
EndProject
Project("{FAE04EC0-301F-11D3-BF4B-00C04F79EFBC}") = "Dynamic.Employees.Data.UnitTests", "Dynamic.Employees.Data.UnitTests\Dynamic.Employees.Data.UnitTests.csproj", "{9619EF8C-78A4-4657-AA16-A0801D94FBC2}"
EndProject
Global
	GlobalSection(SolutionConfigurationPlatforms) = preSolution
		Debug|Any CPU = Debug|Any CPU
		Debug|x64 = Debug|x64
		Debug|x86 = Debug|x86
		Release|Any CPU = Release|Any CPU
		Release|x64 = Release|x64
		Release|x86 = Release|x86
	EndGlobalSection
	GlobalSection(ProjectConfigurationPlatforms) = postSolution
		{5DA5A5CE-FC0A-4BDB-AAE4-7AB039B7F637}.Debug|Any CPU.ActiveCfg = Debug|Any CPU
		{5DA5A5CE-FC0A-4BDB-AAE4-7AB039B7F637}.Debug|Any CPU.Build.0 = Debug|Any CPU
		{5DA5A5CE-FC0A-4BDB-AAE4-7AB039B7F637}.Debug|x64.ActiveCfg = Debug|Any CPU
		{5DA5A5CE-FC0A-4BDB-AAE4-7AB039B7F637}.Debug|x64.Build.0 = Debug|Any CPU
		{5DA5A5CE-FC0A-4BDB-AAE4-7AB039B7F637}.Debug|x86.ActiveCfg = Debug|Any CPU
		{5DA5A5CE-FC0A-4BDB-AAE4-7AB039B7F637}.Debug|x86.Build.0 = Debug|Any CPU
		{5DA5A5CE-FC0A-4BDB-AAE4-7AB039B7F637}.Release|Any CPU.ActiveCfg = Release|Any CPU
		{5DA5A5CE-FC0A-4BDB-AAE4-7AB039B7F637}.Release|Any CPU.Build.0 = Release|Any CPU
		{5DA5A5CE-FC0A-4BDB-AAE4-7AB039B7F637}.Release|x64.ActiveCfg = Release|Any CPU
		{5DA5A5CE-FC0A-4BDB-AAE4-7AB039B7F637}.Release|x64.Build.0 = Release|Any CPU
		{5DA5A5CE-FC0A-4BDB-AAE4-7AB039B7F637}.Release|x86.ActiveCfg = Release|Any CPU
		{5DA5A5CE-FC0A-4BDB-AAE4-7AB039B7F637}.Release|x86.Build.0 = Release|Any CPU
		{38DD2A35-6BBF-42EF-A416-968AA70098A6}.Debug|Any CPU.ActiveCfg = Debug|Any CPU
		{38DD2A35-6BBF-42EF-A416-968AA70098A6}.Debug|Any CPU.Build.0 = Debug|Any CPU
		{38DD2A35-6BBF-42EF-A416-968AA70098A6}.Debug|x64.ActiveCfg = Debug|Any CPU
		{38DD2A35-6BBF-42EF-A416-968AA70098A6}.Debug|x64.Build.0 = Debug|Any CPU
		{38DD2A35-6BBF-42EF-A416-968AA70098A6}.Debug|x86.ActiveCfg = Debug|Any CPU
		{38DD2A35-6BBF-42EF-A416-968AA70098A6}.Debug|x86.Build.0 = Debug|Any CPU
		{38DD2A35-6BBF-42EF-A416-968AA70098A6}.Release|Any CPU.ActiveCfg = Release|Any CPU
		{38DD2A35-6BBF-42EF-A416-968AA70098A6}.Release|Any CPU.Build.0 = Release|Any CPU
		{38DD2A35-6BBF-42EF-A416-968AA70098A6}.Release|x64.ActiveCfg = Release|Any CPU
		{38DD2A35-6BBF-42EF-A416-968AA70098A6}.Release|x64.Build.0 = Release|Any CPU
		{38DD2A35-6BBF-42EF-A416-968AA70098A6}.Release|x86.ActiveCfg = Release|Any CPU
		{38DD2A35-6BBF-42EF-A416-968AA70098A6}.Release|x86.Build.0 = Release|Any CPU
		{8D505F01-DA34-45A5-AA3C-933396D76BC7}.Debug|Any CPU.ActiveCfg = Debug|Any CPU
		{8D505F01-DA34-45A5-AA3C-933396D76BC7}.Debug|Any CPU.Build.0 = Debug|Any CPU
		{8D505F01-DA34-45A5-AA3C-933396D76BC7}.Debug|x64.ActiveCfg = Debug|Any CPU
		{8D505F01-DA34-45A5-AA3C-933396D76BC7}.Debug|x64.Build.0 = Debug|Any CPU
		{8D505F01-DA34-45A5-AA3C-933396D76BC7}.Debug|x86.ActiveCfg = Debug|Any CPU
		{8D505F01-DA34-45A5-AA3C-933396D76BC7}.Debug|x86.Build.0 = Debug|Any CPU
		{8D505F01-DA34-45A5-AA3C-933396D76BC7}.Release|Any CPU.ActiveCfg = Release|Any CPU
		{8D505F01-DA34-45A5-AA3C-933396D76BC7}.Release|Any CPU.Build.0 = Release|Any CPU
		{8D505F01-DA34-45A5-AA3C-933396D76BC7}.Release|x64.ActiveCfg = Release|Any CPU
		{8D505F01-DA34-45A5-AA3C-933396D76BC7}.Release|x64.Build.0 = Release|Any CPU
		{8D505F01-DA34-45A5-AA3C-933396D76BC7}.Release|x86.ActiveCfg = Release|Any CPU
		{8D505F01-DA34-45A5-AA3C-933396D76BC7}.Release|x86.Build.0 = Release|Any CPU
		{DB642AB9-EEB8-4048-97BD-1FEDBDB193E3}.Debug|Any CPU.ActiveCfg = Debug|Any CPU
		{DB642AB9-EEB8-4048-97BD-1FEDBDB193E3}.Debug|Any CPU.Build.0 = Debug|Any CPU
		{DB642AB9-EEB8-4048-97BD-1FEDBDB193E3}.Debug|x64.ActiveCfg = Debug|Any CPU
		{DB642AB9-EEB8-4048-97BD-1FEDBDB193E3}.Debug|x64.Build.0 = Debug|Any CPU
		{DB642AB9-EEB8-4048-97BD-1FEDBDB193E3}.Debug|x86.ActiveCfg = Debug|Any CPU
		{DB642AB9-EEB8-4048-97BD-1FEDBDB193E3}.Debug|x86.Build.0 = Debug|Any CPU
		{DB642AB9-EEB8-4048-97BD-1FEDBDB193E3}.Release|Any CPU.ActiveCfg = Release|Any CPU
		{DB642AB9-EEB8-4048-97BD-1FEDBDB193E3}.Release|Any CPU.Build.0 = Release|Any CPU
		{DB642AB9-EEB8-4048-97BD-1FEDBDB193E3}.Release|x64.ActiveCfg = Release|Any CPU
		{DB642AB9-EEB8-4048-97BD-1FEDBDB193E3}.Release|x64.Build.0 = Release|Any CPU
		{DB642AB9-EEB8-4048-97BD-1FEDBDB193E3}.Release|x86.ActiveCfg = Release|Any CPU
		{DB642AB9-EEB8-4048-97BD-1FEDBDB193E3}.Release|x86.Build.0 = Release|Any CPU
		{32732C58-9F7D-40F4-8549-8384A2F2FC43}.Debug|Any CPU.ActiveCfg = Debug|Any CPU
		{32732C58-9F7D-40F4-8549-8384A2F2FC43}.Debug|Any CPU.Build.0 = Debug|Any CPU
		{32732C58-9F7D-40F4-8549-8384A2F2FC43}.Debug|x64.ActiveCfg = Debug|Any CPU
		{32732C58-9F7D-40F4-8549-8384A2F2FC43}.Debug|x64.Build.0 = Debug|Any CPU
		{32732C58-9F7D-40F4-8549-8384A2F2FC43}.Debug|x86.ActiveCfg = Debug|Any CPU
		{32732C58-9F7D-40F4-8549-8384A2F2FC43}.Debug|x86.Build.0 = Debug|Any CPU
		{32732C58-9F7D-40F4-8549-8384A2F2FC43}.Release|Any CPU.ActiveCfg = Release|Any CPU
		{32732C58-9F7D-40F4-8549-8384A2F2FC43}.Release|Any CPU.Build.0 = Release|Any CPU
		{32732C58-9F7D-40F4-8549-8384A2F2FC43}.Release|x64.ActiveCfg = Release|Any CPU
		{32732C58-9F7D-40F4-8549-8384A2F2FC43}.Release|x64.Build.0 = Release|Any CPU
		{32732C58-9F7D-40F4-8549-8384A2F2FC43}.Release|x86.ActiveCfg = Release|Any CPU
		{32732C58-9F7D-40F4-8549-8384A2F2FC43}.Release|x86.Build.0 = Release|Any CPU
		{9619EF8C-78A4-4657-AA16-A0801D94FBC2}.Debug|Any CPU.ActiveCfg = Debug|Any CPU
		{9619EF8C-78A4-4657-AA16-A0801D94FBC2}.Debug|Any CPU.Build.0 = Debug|Any CPU
		{9619EF8C-78A4-4657-AA16-A0801D94FBC2}.Debug|x64.ActiveCfg = Debug|Any CPU
		{9619EF8C-78A4-4657-AA16-A0801D94FBC2}.Debug|x64.Build.0 = Debug|Any CPU
		{9619EF8C-78A4-4657-AA16-A0801D94FBC2}.Debug|x86.ActiveCfg = Debug|Any CPU
		{9619EF8C-78A4-4657-AA16-A0801D94FBC2}.Debug|x86.Build.0 = Debug|Any CPU
		{9619EF8C-78A4-4657-AA16-A0801D94FBC2}.Release|Any CPU.ActiveCfg = Release|Any CPU
		{9619EF8C-78A4-4657-AA16-A0801D94FBC2}.Release|Any CPU.Build.0 = Release|Any CPU
		{9619EF8C-78A4-4657-AA16-A0801D94FBC2}.Release|x64.ActiveCfg = Release|Any CPU
		{9619EF8C-78A4-4657-AA16-A0801D94FBC2}.Release|x64.Build.0 = Release|Any CPU
		{9619EF8C-78A4-4657-AA16-A0801D94FBC2}.Release|x86.ActiveCfg = Release|Any CPU
		{9619EF8C-78A4-4657-AA16-A0801D94FBC2}.Release|x86.Build.0 = Release|Any CPU
	EndGlobalSection
	GlobalSection(SolutionProperties) = preSolution
		HideSolutionNode = FALSE
	EndGlobalSection
EndGlobal
